
Microsoft Visual Studio Solution File, Format Version 12.00
# Visual Studio 15
VisualStudioVersion = 15.0.28307.168
MinimumVisualStudioVersion = 10.0.40219.1
Project("{FAE04EC0-301F-11D3-BF4B-00C04F79EFBC}") = "WebAPI_WithSwagger", "WebAPI_WithSwagger\WebAPI_WithSwagger.csproj", "{47884624-8D9F-4E7B-B35B-825AF5AFBDBE}"
EndProject
Project("{00D1A9C2-B5F0-4AF3-8072-F6C62B433612}") = "TimCorreyDB", "TimCorreyDB\TimCorreyDB.sqlproj", "{693F319D-8E26-401F-9B43-54101071F9F4}"
EndProject
Global
	GlobalSection(SolutionConfigurationPlatforms) = preSolution
		Debug|Any CPU = Debug|Any CPU
		Release|Any CPU = Release|Any CPU
	EndGlobalSection
	GlobalSection(ProjectConfigurationPlatforms) = postSolution
		{47884624-8D9F-4E7B-B35B-825AF5AFBDBE}.Debug|Any CPU.ActiveCfg = Debug|Any CPU
		{47884624-8D9F-4E7B-B35B-825AF5AFBDBE}.Debug|Any CPU.Build.0 = Debug|Any CPU
		{47884624-8D9F-4E7B-B35B-825AF5AFBDBE}.Release|Any CPU.ActiveCfg = Release|Any CPU
		{47884624-8D9F-4E7B-B35B-825AF5AFBDBE}.Release|Any CPU.Build.0 = Release|Any CPU
		{693F319D-8E26-401F-9B43-54101071F9F4}.Debug|Any CPU.ActiveCfg = Debug|Any CPU
		{693F319D-8E26-401F-9B43-54101071F9F4}.Debug|Any CPU.Build.0 = Debug|Any CPU
		{693F319D-8E26-401F-9B43-54101071F9F4}.Debug|Any CPU.Deploy.0 = Debug|Any CPU
		{693F319D-8E26-401F-9B43-54101071F9F4}.Release|Any CPU.ActiveCfg = Release|Any CPU
		{693F319D-8E26-401F-9B43-54101071F9F4}.Release|Any CPU.Build.0 = Release|Any CPU
		{693F319D-8E26-401F-9B43-54101071F9F4}.Release|Any CPU.Deploy.0 = Release|Any CPU
	EndGlobalSection
	GlobalSection(SolutionProperties) = preSolution
		HideSolutionNode = FALSE
	EndGlobalSection
	GlobalSection(ExtensibilityGlobals) = postSolution
		SolutionGuid = {A4D3BA70-9DF9-4830-9F1E-56B294C41D1A}
	EndGlobalSection
EndGlobal
